
Microsoft Visual Studio Solution File, Format Version 12.00
# Visual Studio Version 17
VisualStudioVersion = 17.13.35913.81 d17.13
MinimumVisualStudioVersion = 10.0.40219.1
Project("{FAE04EC0-301F-11D3-BF4B-00C04F79EFBC}") = "HospitalWpfApp.MainWindow", "WpfApp1\HospitalWpfApp.MainWindow.csproj", "{5A646165-599A-498D-BCD7-DFE24CE281DE}"
EndProject
Global
	GlobalSection(SolutionConfigurationPlatforms) = preSolution
		Debug|Any CPU = Debug|Any CPU
		Release|Any CPU = Release|Any CPU
	EndGlobalSection
	GlobalSection(ProjectConfigurationPlatforms) = postSolution
		{5A646165-599A-498D-BCD7-DFE24CE281DE}.Debug|Any CPU.ActiveCfg = Debug|Any CPU
		{5A646165-599A-498D-BCD7-DFE24CE281DE}.Debug|Any CPU.Build.0 = Debug|Any CPU
		{5A646165-599A-498D-BCD7-DFE24CE281DE}.Release|Any CPU.ActiveCfg = Release|Any CPU
		{5A646165-599A-498D-BCD7-DFE24CE281DE}.Release|Any CPU.Build.0 = Release|Any CPU
	EndGlobalSection
	GlobalSection(SolutionProperties) = preSolution
		HideSolutionNode = FALSE
	EndGlobalSection
	GlobalSection(ExtensibilityGlobals) = postSolution
		SolutionGuid = {1D8817C9-13B0-4513-B9E5-D369397C44B1}
	EndGlobalSection
EndGlobal
